
Microsoft Visual Studio Solution File, Format Version 12.00
# Visual Studio Version 17
VisualStudioVersion = 17.1.32328.378
MinimumVisualStudioVersion = 10.0.40219.1
Project("{9A19103F-16F7-4668-BE54-9A1E7A4F7556}") = "Back_End_V0.1.Api", ".\Back_End_V0.1.Api\Back_End_V0.1.Api.csproj", "{1E0701B3-517C-4AA9-B957-1B7B4E134C60}"
EndProject
Project("{9A19103F-16F7-4668-BE54-9A1E7A4F7556}") = "Back_End_V0.1.DAL", ".\Back_End_V0.1.DAL\Back_End_V0.1.DAL.csproj", "{E6E49FD1-B7F6-447C-9DF7-EA27F2DE25A9}"
EndProject
Project("{9A19103F-16F7-4668-BE54-9A1E7A4F7556}") = "Back_End_V0.1.Domain", ".\Back_End_V0.1.Domain\Back_End_V0.1.Domain.csproj", "{CF432A56-1AA9-465B-9EC1-09335D35D820}"
EndProject
Global
	GlobalSection(SolutionConfigurationPlatforms) = preSolution
		Debug|Any CPU = Debug|Any CPU
		Release|Any CPU = Release|Any CPU
	EndGlobalSection
	GlobalSection(ProjectConfigurationPlatforms) = postSolution
		{1E0701B3-517C-4AA9-B957-1B7B4E134C60}.Debug|Any CPU.ActiveCfg = Debug|Any CPU
		{1E0701B3-517C-4AA9-B957-1B7B4E134C60}.Debug|Any CPU.Build.0 = Debug|Any CPU
		{1E0701B3-517C-4AA9-B957-1B7B4E134C60}.Release|Any CPU.ActiveCfg = Release|Any CPU
		{1E0701B3-517C-4AA9-B957-1B7B4E134C60}.Release|Any CPU.Build.0 = Release|Any CPU
		{E6E49FD1-B7F6-447C-9DF7-EA27F2DE25A9}.Debug|Any CPU.ActiveCfg = Debug|Any CPU
		{E6E49FD1-B7F6-447C-9DF7-EA27F2DE25A9}.Debug|Any CPU.Build.0 = Debug|Any CPU
		{E6E49FD1-B7F6-447C-9DF7-EA27F2DE25A9}.Release|Any CPU.ActiveCfg = Release|Any CPU
		{E6E49FD1-B7F6-447C-9DF7-EA27F2DE25A9}.Release|Any CPU.Build.0 = Release|Any CPU
		{CF432A56-1AA9-465B-9EC1-09335D35D820}.Debug|Any CPU.ActiveCfg = Debug|Any CPU
		{CF432A56-1AA9-465B-9EC1-09335D35D820}.Debug|Any CPU.Build.0 = Debug|Any CPU
		{CF432A56-1AA9-465B-9EC1-09335D35D820}.Release|Any CPU.ActiveCfg = Release|Any CPU
		{CF432A56-1AA9-465B-9EC1-09335D35D820}.Release|Any CPU.Build.0 = Release|Any CPU
	EndGlobalSection
	GlobalSection(SolutionProperties) = preSolution
		HideSolutionNode = FALSE
	EndGlobalSection
	GlobalSection(ExtensibilityGlobals) = postSolution
		SolutionGuid = {C7CB4F70-7ED8-4D53-8A6D-C5C10039532D}
	EndGlobalSection
EndGlobal
